
Microsoft Visual Studio Solution File, Format Version 12.00
# Visual Studio Version 17
VisualStudioVersion = 17.8.34316.72
MinimumVisualStudioVersion = 10.0.40219.1
Project("{9A19103F-16F7-4668-BE54-9A1E7A4F7556}") = "ServerLogAnalyzer", "ServerLogAnalyzer.csproj", "{A87448B1-3EA9-426C-98A2-DB6A7C64B360}"
EndProject
Project("{FAE04EC0-301F-11D3-BF4B-00C04F79EFBC}") = "Benchmark", "..\Benchmark\Benchmark.csproj", "{421993F6-FB4F-48F5-9B96-387EAF3911F0}"
EndProject
Global
	GlobalSection(SolutionConfigurationPlatforms) = preSolution
		Debug|Any CPU = Debug|Any CPU
		Release|Any CPU = Release|Any CPU
	EndGlobalSection
	GlobalSection(ProjectConfigurationPlatforms) = postSolution
		{A87448B1-3EA9-426C-98A2-DB6A7C64B360}.Debug|Any CPU.ActiveCfg = Debug|Any CPU
		{A87448B1-3EA9-426C-98A2-DB6A7C64B360}.Debug|Any CPU.Build.0 = Debug|Any CPU
		{A87448B1-3EA9-426C-98A2-DB6A7C64B360}.Release|Any CPU.ActiveCfg = Release|Any CPU
		{A87448B1-3EA9-426C-98A2-DB6A7C64B360}.Release|Any CPU.Build.0 = Release|Any CPU
		{421993F6-FB4F-48F5-9B96-387EAF3911F0}.Debug|Any CPU.ActiveCfg = Debug|Any CPU
		{421993F6-FB4F-48F5-9B96-387EAF3911F0}.Debug|Any CPU.Build.0 = Debug|Any CPU
		{421993F6-FB4F-48F5-9B96-387EAF3911F0}.Release|Any CPU.ActiveCfg = Release|Any CPU
		{421993F6-FB4F-48F5-9B96-387EAF3911F0}.Release|Any CPU.Build.0 = Release|Any CPU
	EndGlobalSection
	GlobalSection(SolutionProperties) = preSolution
		HideSolutionNode = FALSE
	EndGlobalSection
	GlobalSection(ExtensibilityGlobals) = postSolution
		SolutionGuid = {A549CFB7-0607-4C4C-9656-54566010D56B}
	EndGlobalSection
EndGlobal
